
Microsoft Visual Studio Solution File, Format Version 12.00
# Visual Studio Version 17
VisualStudioVersion = 17.0.31410.414
MinimumVisualStudioVersion = 10.0.40219.1
Project("{FAE04EC0-301F-11D3-BF4B-00C04F79EFBC}") = "CryptographyApp", "CryptographyApp\CryptographyApp.csproj", "{2E3E80F8-1275-47F8-8AC8-CAAF09649D37}"
EndProject
Global
	GlobalSection(SolutionConfigurationPlatforms) = preSolution
		Debug|Any CPU = Debug|Any CPU
		Release|Any CPU = Release|Any CPU
	EndGlobalSection
	GlobalSection(ProjectConfigurationPlatforms) = postSolution
		{2E3E80F8-1275-47F8-8AC8-CAAF09649D37}.Debug|Any CPU.ActiveCfg = Debug|Any CPU
		{2E3E80F8-1275-47F8-8AC8-CAAF09649D37}.Debug|Any CPU.Build.0 = Debug|Any CPU
		{2E3E80F8-1275-47F8-8AC8-CAAF09649D37}.Release|Any CPU.ActiveCfg = Release|Any CPU
		{2E3E80F8-1275-47F8-8AC8-CAAF09649D37}.Release|Any CPU.Build.0 = Release|Any CPU
	EndGlobalSection
	GlobalSection(SolutionProperties) = preSolution
		HideSolutionNode = FALSE
	EndGlobalSection
	GlobalSection(ExtensibilityGlobals) = postSolution
		SolutionGuid = {421F9AF2-5D50-42E6-A09B-1871EF000124}
	EndGlobalSection
EndGlobal
